// !$*UTF8*$!
{
	archiveVersion = 1;
	classes = {
	};
	objectVersion = 50;
	objects = {

/* Begin PBXBuildFile section */
		0C1C65C62144D6CF00905D1F /* ARAudioUnit.m in Sources */ = {isa = PBXBuildFile; fileRef = 0C1C65C52144D6CF00905D1F /* ARAudioUnit.m */; };
		C40A2A562148BAF000E20DB9 /* AudioACCEncoder.m in Sources */ = {isa = PBXBuildFile; fileRef = C40A2A552148BAF000E20DB9 /* AudioACCEncoder.m */; };
		C4E34FEA2134EDEE00F782A0 /* VideoH264Encoder.m in Sources */ = {isa = PBXBuildFile; fileRef = C4E34FE92134EDEE00F782A0 /* VideoH264Encoder.m */; };
		C4F7D9F92123C63200983241 /* AppDelegate.m in Sources */ = {isa = PBXBuildFile; fileRef = C4F7D9F82123C63200983241 /* AppDelegate.m */; };
		C4F7D9FC2123C63200983241 /* ViewController.m in Sources */ = {isa = PBXBuildFile; fileRef = C4F7D9FB2123C63200983241 /* ViewController.m */; };
		C4F7D9FF2123C63200983241 /* Main.storyboard in Resources */ = {isa = PBXBuildFile; fileRef = C4F7D9FD2123C63200983241 /* Main.storyboard */; };
		C4F7DA012123C63400983241 /* Assets.xcassets in Resources */ = {isa = PBXBuildFile; fileRef = C4F7DA002123C63400983241 /* Assets.xcassets */; };
		C4F7DA042123C63400983241 /* LaunchScreen.storyboard in Resources */ = {isa = PBXBuildFile; fileRef = C4F7DA022123C63400983241 /* LaunchScreen.storyboard */; };
		C4F7DA072123C63400983241 /* main.m in Sources */ = {isa = PBXBuildFile; fileRef = C4F7DA062123C63400983241 /* main.m */; };
		C4F7DA1D21250E3000983241 /* VideoCamaraCapture.m in Sources */ = {isa = PBXBuildFile; fileRef = C4F7DA1C21250E3000983241 /* VideoCamaraCapture.m */; };
		C4F7DA202125122600983241 /* VideoConfigParam.m in Sources */ = {isa = PBXBuildFile; fileRef = C4F7DA1F2125122600983241 /* VideoConfigParam.m */; };
/* End PBXBuildFile section */

/* Begin PBXFileReference section */
		0C1C65C42144D6CF00905D1F /* ARAudioUnit.h */ = {isa = PBXFileReference; lastKnownFileType = sourcecode.c.h; path = ARAudioUnit.h; sourceTree = "<group>"; };
		0C1C65C52144D6CF00905D1F /* ARAudioUnit.m */ = {isa = PBXFileReference; lastKnownFileType = sourcecode.c.objc; path = ARAudioUnit.m; sourceTree = "<group>"; };
		C40A2A542148BAF000E20DB9 /* AudioACCEncoder.h */ = {isa = PBXFileReference; lastKnownFileType = sourcecode.c.h; path = AudioACCEncoder.h; sourceTree = "<group>"; };
		C40A2A552148BAF000E20DB9 /* AudioACCEncoder.m */ = {isa = PBXFileReference; lastKnownFileType = sourcecode.c.objc; path = AudioACCEncoder.m; sourceTree = "<group>"; };
		C4E34FE82134EDEE00F782A0 /* VideoH264Encoder.h */ = {isa = PBXFileReference; lastKnownFileType = sourcecode.c.h; path = VideoH264Encoder.h; sourceTree = "<group>"; };
		C4E34FE92134EDEE00F782A0 /* VideoH264Encoder.m */ = {isa = PBXFileReference; lastKnownFileType = sourcecode.c.objc; path = VideoH264Encoder.m; sourceTree = "<group>"; };
		C4F7D9F42123C63200983241 /* MediaManager.app */ = {isa = PBXFileReference; explicitFileType = wrapper.application; includeInIndex = 0; path = MediaManager.app; sourceTree = BUILT_PRODUCTS_DIR; };
		C4F7D9F72123C63200983241 /* AppDelegate.h */ = {isa = PBXFileReference; lastKnownFileType = sourcecode.c.h; path = AppDelegate.h; sourceTree = "<group>"; };
		C4F7D9F82123C63200983241 /* AppDelegate.m */ = {isa = PBXFileReference; lastKnownFileType = sourcecode.c.objc; path = AppDelegate.m; sourceTree = "<group>"; };
		C4F7D9FA2123C63200983241 /* ViewController.h */ = {isa = PBXFileReference; lastKnownFileType = sourcecode.c.h; path = ViewController.h; sourceTree = "<group>"; };
		C4F7D9FB2123C63200983241 /* ViewController.m */ = {isa = PBXFileReference; lastKnownFileType = sourcecode.c.objc; path = ViewController.m; sourceTree = "<group>"; };
		C4F7D9FE2123C63200983241 /* Base */ = {isa = PBXFileReference; lastKnownFileType = file.storyboard; name = Base; path = Base.lproj/Main.storyboard; sourceTree = "<group>"; };
		C4F7DA002123C63400983241 /* Assets.xcassets */ = {isa = PBXFileReference; lastKnownFileType = folder.assetcatalog; path = Assets.xcassets; sourceTree = "<group>"; };
		C4F7DA032123C63400983241 /* Base */ = {isa = PBXFileReference; lastKnownFileType = file.storyboard; name = Base; path = Base.lproj/LaunchScreen.storyboard; sourceTree = "<group>"; };
		C4F7DA052123C63400983241 /* Info.plist */ = {isa = PBXFileReference; lastKnownFileType = text.plist.xml; path = Info.plist; sourceTree = "<group>"; };
		C4F7DA062123C63400983241 /* main.m */ = {isa = PBXFileReference; lastKnownFileType = sourcecode.c.objc; path = main.m; sourceTree = "<group>"; };
		C4F7DA1B21250E3000983241 /* VideoCamaraCapture.h */ = {isa = PBXFileReference; lastKnownFileType = sourcecode.c.h; path = VideoCamaraCapture.h; sourceTree = "<group>"; };
		C4F7DA1C21250E3000983241 /* VideoCamaraCapture.m */ = {isa = PBXFileReference; lastKnownFileType = sourcecode.c.objc; path = VideoCamaraCapture.m; sourceTree = "<group>"; };
		C4F7DA1E2125122600983241 /* VideoConfigParam.h */ = {isa = PBXFileReference; lastKnownFileType = sourcecode.c.h; path = VideoConfigParam.h; sourceTree = "<group>"; };
		C4F7DA1F2125122600983241 /* VideoConfigParam.m */ = {isa = PBXFileReference; lastKnownFileType = sourcecode.c.objc; path = VideoConfigParam.m; sourceTree = "<group>"; };
/* End PBXFileReference section */

/* Begin PBXFrameworksBuildPhase section */
		C4F7D9F12123C63200983241 /* Frameworks */ = {
			isa = PBXFrameworksBuildPhase;
			buildActionMask = 2147483647;
			files = (
			);
			runOnlyForDeploymentPostprocessing = 0;
		};
/* End PBXFrameworksBuildPhase section */

/* Begin PBXGroup section */
		0C1C65C12144D6AC00905D1F /* Audio */ = {
			isa = PBXGroup;
			children = (
				0C1C65C22144D6B300905D1F /* Capture */,
				0C1C65C32144D6BD00905D1F /* Codec */,
			);
			path = Audio;
			sourceTree = "<group>";
		};
		0C1C65C22144D6B300905D1F /* Capture */ = {
			isa = PBXGroup;
			children = (
				0C1C65C42144D6CF00905D1F /* ARAudioUnit.h */,
				0C1C65C52144D6CF00905D1F /* ARAudioUnit.m */,
			);
			path = Capture;
			sourceTree = "<group>";
		};
		0C1C65C32144D6BD00905D1F /* Codec */ = {
			isa = PBXGroup;
			children = (
				0C1C65C72144D6D700905D1F /* AudioToolBox */,
			);
			path = Codec;
			sourceTree = "<group>";
		};
		0C1C65C72144D6D700905D1F /* AudioToolBox */ = {
			isa = PBXGroup;
			children = (
				C40A2A542148BAF000E20DB9 /* AudioACCEncoder.h */,
				C40A2A552148BAF000E20DB9 /* AudioACCEncoder.m */,
			);
			path = AudioToolBox;
			sourceTree = "<group>";
		};
		C4F7D9EB2123C63200983241 = {
			isa = PBXGroup;
			children = (
				C4F7D9F62123C63200983241 /* MediaManager */,
				C4F7D9F52123C63200983241 /* Products */,
			);
			sourceTree = "<group>";
		};
		C4F7D9F52123C63200983241 /* Products */ = {
			isa = PBXGroup;
			children = (
				C4F7D9F42123C63200983241 /* MediaManager.app */,
			);
			name = Products;
			sourceTree = "<group>";
		};
		C4F7D9F62123C63200983241 /* MediaManager */ = {
			isa = PBXGroup;
			children = (
				0C1C65C12144D6AC00905D1F /* Audio */,
				C4F7DA162123C86700983241 /* Video */,
				C4F7D9F72123C63200983241 /* AppDelegate.h */,
				C4F7D9F82123C63200983241 /* AppDelegate.m */,
				C4F7D9FA2123C63200983241 /* ViewController.h */,
				C4F7D9FB2123C63200983241 /* ViewController.m */,
				C4F7D9FD2123C63200983241 /* Main.storyboard */,
				C4F7DA002123C63400983241 /* Assets.xcassets */,
				C4F7DA022123C63400983241 /* LaunchScreen.storyboard */,
				C4F7DA052123C63400983241 /* Info.plist */,
				C4F7DA062123C63400983241 /* main.m */,
			);
			path = MediaManager;
			sourceTree = "<group>";
		};
		C4F7DA162123C86700983241 /* Video */ = {
			isa = PBXGroup;
			children = (
				C4F7DA192123C89000983241 /* Capture */,
				C4F7DA172123C87600983241 /* Codec */,
			);
			path = Video;
			sourceTree = "<group>";
		};
		C4F7DA172123C87600983241 /* Codec */ = {
			isa = PBXGroup;
			children = (
				C4F7DA182123C87E00983241 /* VideoToolBox */,
			);
			path = Codec;
			sourceTree = "<group>";
		};
		C4F7DA182123C87E00983241 /* VideoToolBox */ = {
			isa = PBXGroup;
			children = (
				C4E34FE82134EDEE00F782A0 /* VideoH264Encoder.h */,
				C4E34FE92134EDEE00F782A0 /* VideoH264Encoder.m */,
			);
			path = VideoToolBox;
			sourceTree = "<group>";
		};
		C4F7DA192123C89000983241 /* Capture */ = {
			isa = PBXGroup;
			children = (
				C4F7DA1B21250E3000983241 /* VideoCamaraCapture.h */,
				C4F7DA1C21250E3000983241 /* VideoCamaraCapture.m */,
				C4F7DA1E2125122600983241 /* VideoConfigParam.h */,
				C4F7DA1F2125122600983241 /* VideoConfigParam.m */,
			);
			path = Capture;
			sourceTree = "<group>";
		};
/* End PBXGroup section */

/* Begin PBXNativeTarget section */
		C4F7D9F32123C63200983241 /* MediaManager */ = {
			isa = PBXNativeTarget;
			buildConfigurationList = C4F7DA0A2123C63400983241 /* Build configuration list for PBXNativeTarget "MediaManager" */;
			buildPhases = (
				C4F7D9F02123C63200983241 /* Sources */,
				C4F7D9F12123C63200983241 /* Frameworks */,
				C4F7D9F22123C63200983241 /* Resources */,
			);
			buildRules = (
			);
			dependencies = (
			);
			name = MediaManager;
			productName = MediaManager;
			productReference = C4F7D9F42123C63200983241 /* MediaManager.app */;
			productType = "com.apple.product-type.application";
		};
/* End PBXNativeTarget section */

/* Begin PBXProject section */
		C4F7D9EC2123C63200983241 /* Project object */ = {
			isa = PBXProject;
			attributes = {
				LastUpgradeCheck = 0940;
				ORGANIZATIONNAME = yuqian;
				TargetAttributes = {
					C4F7D9F32123C63200983241 = {
						CreatedOnToolsVersion = 9.4.1;
					};
				};
			};
			buildConfigurationList = C4F7D9EF2123C63200983241 /* Build configuration list for PBXProject "MediaManager" */;
			compatibilityVersion = "Xcode 9.3";
			developmentRegion = en;
			hasScannedForEncodings = 0;
			knownRegions = (
				en,
				Base,
			);
			mainGroup = C4F7D9EB2123C63200983241;
			productRefGroup = C4F7D9F52123C63200983241 /* Products */;
			projectDirPath = "";
			projectRoot = "";
			targets = (
				C4F7D9F32123C63200983241 /* MediaManager */,
			);
		};
/* End PBXProject section */

/* Begin PBXResourcesBuildPhase section */
		C4F7D9F22123C63200983241 /* Resources */ = {
			isa = PBXResourcesBuildPhase;
			buildActionMask = 2147483647;
			files = (
				C4F7DA042123C63400983241 /* LaunchScreen.storyboard in Resources */,
				C4F7DA012123C63400983241 /* Assets.xcassets in Resources */,
				C4F7D9FF2123C63200983241 /* Main.storyboard in Resources */,
			);
			runOnlyForDeploymentPostprocessing = 0;
		};
/* End PBXResourcesBuildPhase section */

/* Begin PBXSourcesBuildPhase section */
		C4F7D9F02123C63200983241 /* Sources */ = {
			isa = PBXSourcesBuildPhase;
			buildActionMask = 2147483647;
			files = (
				C4F7D9FC2123C63200983241 /* ViewController.m in Sources */,
				C4F7DA072123C63400983241 /* main.m in Sources */,
				C4E34FEA2134EDEE00F782A0 /* VideoH264Encoder.m in Sources */,
				C4F7DA202125122600983241 /* VideoConfigParam.m in Sources */,
				C4F7D9F92123C63200983241 /* AppDelegate.m in Sources */,
				C40A2A562148BAF000E20DB9 /* AudioACCEncoder.m in Sources */,
				0C1C65C62144D6CF00905D1F /* ARAudioUnit.m in Sources */,
				C4F7DA1D21250E3000983241 /* VideoCamaraCapture.m in Sources */,
			);
			runOnlyForDeploymentPostprocessing = 0;
		};
/* End PBXSourcesBuildPhase section */

/* Begin PBXVariantGroup section */
		C4F7D9FD2123C63200983241 /* Main.storyboard */ = {
			isa = PBXVariantGroup;
			children = (
				C4F7D9FE2123C63200983241 /* Base */,
			);
			name = Main.storyboard;
			sourceTree = "<group>";
		};
		C4F7DA022123C63400983241 /* LaunchScreen.storyboard */ = {
			isa = PBXVariantGroup;
			children = (
				C4F7DA032123C63400983241 /* Base */,
			);
			name = LaunchScreen.storyboard;
			sourceTree = "<group>";
		};
/* End PBXVariantGroup section */

/* Begin XCBuildConfiguration section */
		C4F7DA082123C63400983241 /* Debug */ = {
			isa = XCBuildConfiguration;
			buildSettings = {
				ALWAYS_SEARCH_USER_PATHS = NO;
				CLANG_ANALYZER_NONNULL = YES;
				CLANG_ANALYZER_NUMBER_OBJECT_CONVERSION = YES_AGGRESSIVE;
				CLANG_CXX_LANGUAGE_STANDARD = "gnu++14";
				CLANG_CXX_LIBRARY = "libc++";
				CLANG_ENABLE_MODULES = YES;
				CLANG_ENABLE_OBJC_ARC = YES;
				CLANG_ENABLE_OBJC_WEAK = YES;
				CLANG_WARN_BLOCK_CAPTURE_AUTORELEASING = YES;
				CLANG_WARN_BOOL_CONVERSION = YES;
				CLANG_WARN_COMMA = YES;
				CLANG_WARN_CONSTANT_CONVERSION = YES;
				CLANG_WARN_DEPRECATED_OBJC_IMPLEMENTATIONS = YES;
				CLANG_WARN_DIRECT_OBJC_ISA_USAGE = YES_ERROR;
				CLANG_WARN_DOCUMENTATION_COMMENTS = YES;
				CLANG_WARN_EMPTY_BODY = YES;
				CLANG_WARN_ENUM_CONVERSION = YES;
				CLANG_WARN_INFINITE_RECURSION = YES;
				CLANG_WARN_INT_CONVERSION = YES;
				CLANG_WARN_NON_LITERAL_NULL_CONVERSION = YES;
				CLANG_WARN_OBJC_IMPLICIT_RETAIN_SELF = YES;
				CLANG_WARN_OBJC_LITERAL_CONVERSION = YES;
				CLANG_WARN_OBJC_ROOT_CLASS = YES_ERROR;
				CLANG_WARN_RANGE_LOOP_ANALYSIS = YES;
				CLANG_WARN_STRICT_PROTOTYPES = YES;
				CLANG_WARN_SUSPICIOUS_MOVE = YES;
				CLANG_WARN_UNGUARDED_AVAILABILITY = YES_AGGRESSIVE;
				CLANG_WARN_UNREACHABLE_CODE = YES;
				CLANG_WARN__DUPLICATE_METHOD_MATCH = YES;
				CODE_SIGN_IDENTITY = "iPhone Developer";
				COPY_PHASE_STRIP = NO;
				DEBUG_INFORMATION_FORMAT = dwarf;
				ENABLE_STRICT_OBJC_MSGSEND = YES;
				ENABLE_TESTABILITY = YES;
				GCC_C_LANGUAGE_STANDARD = gnu11;
				GCC_DYNAMIC_NO_PIC = NO;
				GCC_NO_COMMON_BLOCKS = YES;
				GCC_OPTIMIZATION_LEVEL = 0;
				GCC_PREPROCESSOR_DEFINITIONS = (
					"DEBUG=1",
					"$(inherited)",
				);
				GCC_WARN_64_TO_32_BIT_CONVERSION = YES;
				GCC_WARN_ABOUT_RETURN_TYPE = YES_ERROR;
				GCC_WARN_UNDECLARED_SELECTOR = YES;
				GCC_WARN_UNINITIALIZED_AUTOS = YES_AGGRESSIVE;
				GCC_WARN_UNUSED_FUNCTION = YES;
				GCC_WARN_UNUSED_VARIABLE = YES;
				IPHONEOS_DEPLOYMENT_TARGET = 11.4;
				MTL_ENABLE_DEBUG_INFO = YES;
				ONLY_ACTIVE_ARCH = YES;
				SDKROOT = iphoneos;
			};
			name = Debug;
		};
		C4F7DA092123C63400983241 /* Release */ = {
			isa = XCBuildConfiguration;
			buildSettings = {
				ALWAYS_SEARCH_USER_PATHS = NO;
				CLANG_ANALYZER_NONNULL = YES;
				CLANG_ANALYZER_NUMBER_OBJECT_CONVERSION = YES_AGGRESSIVE;
				CLANG_CXX_LANGUAGE_STANDARD = "gnu++14";
				CLANG_CXX_LIBRARY = "libc++";
				CLANG_ENABLE_MODULES = YES;
				CLANG_ENABLE_OBJC_ARC = YES;
				CLANG_ENABLE_OBJC_WEAK = YES;
				CLANG_WARN_BLOCK_CAPTURE_AUTORELEASING = YES;
				CLANG_WARN_BOOL_CONVERSION = YES;
				CLANG_WARN_COMMA = YES;
				CLANG_WARN_CONSTANT_CONVERSION = YES;
				CLANG_WARN_DEPRECATED_OBJC_IMPLEMENTATIONS = YES;
				CLANG_WARN_DIRECT_OBJC_ISA_USAGE = YES_ERROR;
				CLANG_WARN_DOCUMENTATION_COMMENTS = YES;
				CLANG_WARN_EMPTY_BODY = YES;
				CLANG_WARN_ENUM_CONVERSION = YES;
				CLANG_WARN_INFINITE_RECURSION = YES;
				CLANG_WARN_INT_CONVERSION = YES;
				CLANG_WARN_NON_LITERAL_NULL_CONVERSION = YES;
				CLANG_WARN_OBJC_IMPLICIT_RETAIN_SELF = YES;
				CLANG_WARN_OBJC_LITERAL_CONVERSION = YES;
				CLANG_WARN_OBJC_ROOT_CLASS = YES_ERROR;
				CLANG_WARN_RANGE_LOOP_ANALYSIS = YES;
				CLANG_WARN_STRICT_PROTOTYPES = YES;
				CLANG_WARN_SUSPICIOUS_MOVE = YES;
				CLANG_WARN_UNGUARDED_AVAILABILITY = YES_AGGRESSIVE;
				CLANG_WARN_UNREACHABLE_CODE = YES;
				CLANG_WARN__DUPLICATE_METHOD_MATCH = YES;
				CODE_SIGN_IDENTITY = "iPhone Developer";
				COPY_PHASE_STRIP = NO;
				DEBUG_INFORMATION_FORMAT = "dwarf-with-dsym";
				ENABLE_NS_ASSERTIONS = NO;
				ENABLE_STRICT_OBJC_MSGSEND = YES;
				GCC_C_LANGUAGE_STANDARD = gnu11;
				GCC_NO_COMMON_BLOCKS = YES;
				GCC_WARN_64_TO_32_BIT_CONVERSION = YES;
				GCC_WARN_ABOUT_RETURN_TYPE = YES_ERROR;
				GCC_WARN_UNDECLARED_SELECTOR = YES;
				GCC_WARN_UNINITIALIZED_AUTOS = YES_AGGRESSIVE;
				GCC_WARN_UNUSED_FUNCTION = YES;
				GCC_WARN_UNUSED_VARIABLE = YES;
				IPHONEOS_DEPLOYMENT_TARGET = 11.4;
				MTL_ENABLE_DEBUG_INFO = NO;
				SDKROOT = iphoneos;
				VALIDATE_PRODUCT = YES;
			};
			name = Release;
		};
		C4F7DA0B2123C63400983241 /* Debug */ = {
			isa = XCBuildConfiguration;
			buildSettings = {
				ASSETCATALOG_COMPILER_APPICON_NAME = AppIcon;
				CODE_SIGN_STYLE = Automatic;
				DEVELOPMENT_TEAM = CA9DY76H9N;
				INFOPLIST_FILE = MediaManager/Info.plist;
				LD_RUNPATH_SEARCH_PATHS = (
					"$(inherited)",
					"@executable_path/Frameworks",
				);
				PRODUCT_BUNDLE_IDENTIFIER = yuqian.MediaManager;
				PRODUCT_NAME = "$(TARGET_NAME)";
				TARGETED_DEVICE_FAMILY = "1,2";
			};
			name = Debug;
		};
		C4F7DA0C2123C63400983241 /* Release */ = {
			isa = XCBuildConfiguration;
			buildSettings = {
				ASSETCATALOG_COMPILER_APPICON_NAME = AppIcon;
				CODE_SIGN_STYLE = Automatic;
				DEVELOPMENT_TEAM = CA9DY76H9N;
				INFOPLIST_FILE = MediaManager/Info.plist;
				LD_RUNPATH_SEARCH_PATHS = (
					"$(inherited)",
					"@executable_path/Frameworks",
				);
				PRODUCT_BUNDLE_IDENTIFIER = yuqian.MediaManager;
				PRODUCT_NAME = "$(TARGET_NAME)";
				TARGETED_DEVICE_FAMILY = "1,2";
			};
			name = Release;
		};
/* End XCBuildConfiguration section */

/* Begin XCConfigurationList section */
		C4F7D9EF2123C63200983241 /* Build configuration list for PBXProject "MediaManager" */ = {
			isa = XCConfigurationList;
			buildConfigurations = (
				C4F7DA082123C63400983241 /* Debug */,
				C4F7DA092123C63400983241 /* Release */,
			);
			defaultConfigurationIsVisible = 0;
			defaultConfigurationName = Release;
		};
		C4F7DA0A2123C63400983241 /* Build configuration list for PBXNativeTarget "MediaManager" */ = {
			isa = XCConfigurationList;
			buildConfigurations = (
				C4F7DA0B2123C63400983241 /* Debug */,
				C4F7DA0C2123C63400983241 /* Release */,
			);
			defaultConfigurationIsVisible = 0;
			defaultConfigurationName = Release;
		};
/* End XCConfigurationList section */
	};
	rootObject = C4F7D9EC2123C63200983241 /* Project object */;
}
